{
  "name": "user-segmentation-bdd",
  "lockfileVersion": 3,
  "requires": true,
  "packages": {
    "": {
      "devDependencies": {
        "@notionhq/client": "^2.2.5",
        "gherkin-parse": "^1.0.6"
      }
    },
    "node_modules/@notionhq/client": {
      "version": "2.2.5",
      "resolved": "https://registry.npmjs.org/@notionhq/client/-/client-2.2.5.tgz",
      "integrity": "sha512-NobSaeSK0DMuxAIy2pg53Iv850tGFxXYEYacFBQgO634L1uwQv7WQCAdeFQpD3kJiEycQfSYv6RGC5VENEXjiQ==",
      "dev": true,
      "dependencies": {
        "@types/node-fetch": "^2.5.10",
        "node-fetch": "^2.6.1"
      },
      "engines": {
        "node": ">=12"
      }
    },
    "node_modules/@types/node": {
      "version": "20.2.5",
      "resolved": "https://registry.npmjs.org/@types/node/-/node-20.2.5.tgz",
      "integrity": "sha512-JJulVEQXmiY9Px5axXHeYGLSjhkZEnD+MDPDGbCbIAbMslkKwmygtZFy1X6s/075Yo94sf8GuSlFfPzysQrWZQ==",
      "dev": true
    },
    "node_modules/@types/node-fetch": {
      "version": "2.6.4",
      "resolved": "https://registry.npmjs.org/@types/node-fetch/-/node-fetch-2.6.4.tgz",
      "integrity": "sha512-1ZX9fcN4Rvkvgv4E6PAY5WXUFWFcRWxZa3EW83UjycOB9ljJCedb2CupIP4RZMEwF/M3eTcCihbBRgwtGbg5Rg==",
      "dev": true,
      "dependencies": {
        "@types/node": "*",
        "form-data": "^3.0.0"
      }
    },
    "node_modules/asynckit": {
      "version": "0.4.0",
      "resolved": "https://registry.npmjs.org/asynckit/-/asynckit-0.4.0.tgz",
      "integrity": "sha512-Oei9OH4tRh0YqU3GxhX79dM/mwVgvbZJaSNaRk+bshkj0S5cfHcgYakreBjrHwatXKbz+IoIdYLxrKim2MjW0Q==",
      "dev": true
    },
    "node_modules/cli-table": {
      "version": "0.3.11",
      "resolved": "https://registry.npmjs.org/cli-table/-/cli-table-0.3.11.tgz",
      "integrity": "sha512-IqLQi4lO0nIB4tcdTpN4LCB9FI3uqrJZK7RC515EnhZ6qBaglkIgICb1wjeAqpdoOabm1+SuQtkXIPdYC93jhQ==",
      "dev": true,
      "dependencies": {
        "colors": "1.0.3"
      },
      "engines": {
        "node": ">= 0.2.0"
      }
    },
    "node_modules/cli-table/node_modules/colors": {
      "version": "1.0.3",
      "resolved": "https://registry.npmjs.org/colors/-/colors-1.0.3.tgz",
      "integrity": "sha512-pFGrxThWcWQ2MsAz6RtgeWe4NK2kUE1WfsrvvlctdII745EW9I0yflqhe7++M5LEc7bV2c/9/5zc8sFcpL0Drw==",
      "dev": true,
      "engines": {
        "node": ">=0.1.90"
      }
    },
    "node_modules/colors": {
      "version": "1.4.0",
      "resolved": "https://registry.npmjs.org/colors/-/colors-1.4.0.tgz",
      "integrity": "sha512-a+UqTh4kgZg/SlGvfbzDHpgRu7AAQOmmqRHJnxhRZICKFUT91brVhNNt58CMWU9PsBbv3PDCZUHbVxuDiH2mtA==",
      "dev": true,
      "engines": {
        "node": ">=0.1.90"
      }
    },
    "node_modules/combined-stream": {
      "version": "1.0.8",
      "resolved": "https://registry.npmjs.org/combined-stream/-/combined-stream-1.0.8.tgz",
      "integrity": "sha512-FQN4MRfuJeHf7cBbBMJFXhKSDq+2kAArBlmRBvcvFE5BB1HZKXtSFASDhdlz9zOYwxh8lDdnvmMOe/+5cdoEdg==",
      "dev": true,
      "dependencies": {
        "delayed-stream": "~1.0.0"
      },
      "engines": {
        "node": ">= 0.8"
      }
    },
    "node_modules/delayed-stream": {
      "version": "1.0.0",
      "resolved": "https://registry.npmjs.org/delayed-stream/-/delayed-stream-1.0.0.tgz",
      "integrity": "sha512-ZySD7Nf91aLB0RxL4KGrKHBXl7Eds1DAmEdcoVawXnLD7SDhpNgtuII2aAkg7a7QS41jxPSZ17p4VdGnMHk3MQ==",
      "dev": true,
      "engines": {
        "node": ">=0.4.0"
      }
    },
    "node_modules/fill-keys": {
      "version": "1.0.2",
      "resolved": "https://registry.npmjs.org/fill-keys/-/fill-keys-1.0.2.tgz",
      "integrity": "sha512-tcgI872xXjwFF4xgQmLxi76GnwJG3g/3isB1l4/G5Z4zrbddGpBjqZCO9oEAcB5wX0Hj/5iQB3toxfO7in1hHA==",
      "dev": true,
      "dependencies": {
        "is-object": "~1.0.1",
        "merge-descriptors": "~1.0.0"
      },
      "engines": {
        "node": ">=0.10.0"
      }
    },
    "node_modules/form-data": {
      "version": "3.0.1",
      "resolved": "https://registry.npmjs.org/form-data/-/form-data-3.0.1.tgz",
      "integrity": "sha512-RHkBKtLWUVwd7SqRIvCZMEvAMoGUp0XU+seQiZejj0COz3RI3hWP4sCv3gZWWLjJTd7rGwcsF5eKZGii0r/hbg==",
      "dev": true,
      "dependencies": {
        "asynckit": "^0.4.0",
        "combined-stream": "^1.0.8",
        "mime-types": "^2.1.12"
      },
      "engines": {
        "node": ">= 6"
      }
    },
    "node_modules/gherkin": {
      "version": "5.1.0",
      "resolved": "https://registry.npmjs.org/gherkin/-/gherkin-5.1.0.tgz",
      "integrity": "sha512-axTCsxH0m0cixijLvo7s9591h5pMb8ifQxFDun5FnfFhVsUhxgdnH0H7TSK7q8I4ASUU18DJ/tmlnMegMuLUUQ==",
      "deprecated": "This package is now published under @cucumber/gherkin",
      "dev": true,
      "bin": {
        "gherkin-javascript": "bin/gherkin"
      }
    },
    "node_modules/gherkin-assembler": {
      "version": "2.0.1",
      "resolved": "https://registry.npmjs.org/gherkin-assembler/-/gherkin-assembler-2.0.1.tgz",
      "integrity": "sha512-wg5l+Tdkp5/3wZs9wBF9wrP+ajg5J35iJRHfan2nG1iUKbPP5/A81JSvgIS7wBG6wGoyNkKKYWsYpZwhW/p/sQ==",
      "deprecated": "Use gherking@2.0.0",
      "dev": true,
      "dependencies": {
        "gherkin-ast": "^1.0.1"
      },
      "engines": {
        "node": ">=6.0.0",
        "npm": ">=3.0.0"
      }
    },
    "node_modules/gherkin-ast": {
      "version": "1.1.0",
      "resolved": "https://registry.npmjs.org/gherkin-ast/-/gherkin-ast-1.1.0.tgz",
      "integrity": "sha512-c2GPQp7PinK9TDAyRnyHj1BCyq4uk8xV8Ofs4D5dv9mA6CHN+1nZQ4325L98l85N1P0vgg35qVknFQWAI6yglw==",
      "deprecated": "Please use latest version",
      "dev": true,
      "dependencies": {
        "cli-table": "^0.3.1",
        "colors": "^1.1.2",
        "gherkin": "^5.0.1",
        "proxyquire": "^1.8.0",
        "split-lines": "^1.1.0"
      },
      "engines": {
        "node": ">=6.0.0",
        "npm": ">=3.0.0"
      }
    },
    "node_modules/gherkin-parse": {
      "version": "1.0.6",
      "resolved": "https://registry.npmjs.org/gherkin-parse/-/gherkin-parse-1.0.6.tgz",
      "integrity": "sha512-POssuXaAr6XuCx/Ufqlugao/dOMGat0wUzkRAyCD2sSu+1GAdmRhD0UeqFPY5xSzEfKeeiBKjf6v6Ey4PkUdMQ==",
      "dev": true,
      "dependencies": {
        "gherkin": "^5.0.1",
        "gherkin-assembler": "^2.0.1"
      }
    },
    "node_modules/is-object": {
      "version": "1.0.2",
      "resolved": "https://registry.npmjs.org/is-object/-/is-object-1.0.2.tgz",
      "integrity": "sha512-2rRIahhZr2UWb45fIOuvZGpFtz0TyOZLf32KxBbSoUCeZR495zCKlWUKKUByk3geS2eAs7ZAABt0Y/Rx0GiQGA==",
      "dev": true,
      "funding": {
        "url": "https://github.com/sponsors/ljharb"
      }
    },
    "node_modules/merge-descriptors": {
      "version": "1.0.1",
      "resolved": "https://registry.npmjs.org/merge-descriptors/-/merge-descriptors-1.0.1.tgz",
      "integrity": "sha512-cCi6g3/Zr1iqQi6ySbseM1Xvooa98N0w31jzUYrXPX2xqObmFGHJ0tQ5u74H3mVh7wLouTseZyYIq39g8cNp1w==",
      "dev": true
    },
    "node_modules/mime-db": {
      "version": "1.52.0",
      "resolved": "https://registry.npmjs.org/mime-db/-/mime-db-1.52.0.tgz",
      "integrity": "sha512-sPU4uV7dYlvtWJxwwxHD0PuihVNiE7TyAbQ5SWxDCB9mUYvOgroQOwYQQOKPJ8CIbE+1ETVlOoK1UC2nU3gYvg==",
      "dev": true,
      "engines": {
        "node": ">= 0.6"
      }
    },
    "node_modules/mime-types": {
      "version": "2.1.35",
      "resolved": "https://registry.npmjs.org/mime-types/-/mime-types-2.1.35.tgz",
      "integrity": "sha512-ZDY+bPm5zTTF+YpCrAU9nK0UgICYPT0QtT1NZWFv4s++TNkcgVaT0g6+4R2uI4MjQjzysHB1zxuWL50hzaeXiw==",
      "dev": true,
      "dependencies": {
        "mime-db": "1.52.0"
      },
      "engines": {
        "node": ">= 0.6"
      }
    },
    "node_modules/module-not-found-error": {
      "version": "1.0.1",
      "resolved": "https://registry.npmjs.org/module-not-found-error/-/module-not-found-error-1.0.1.tgz",
      "integrity": "sha512-pEk4ECWQXV6z2zjhRZUongnLJNUeGQJ3w6OQ5ctGwD+i5o93qjRQUk2Rt6VdNeu3sEP0AB4LcfvdebpxBRVr4g==",
      "dev": true
    },
    "node_modules/node-fetch": {
      "version": "2.6.11",
      "resolved": "https://registry.npmjs.org/node-fetch/-/node-fetch-2.6.11.tgz",
      "integrity": "sha512-4I6pdBY1EthSqDmJkiNk3JIT8cswwR9nfeW/cPdUagJYEQG7R95WRH74wpz7ma8Gh/9dI9FP+OU+0E4FvtA55w==",
      "dev": true,
      "dependencies": {
        "whatwg-url": "^5.0.0"
      },
      "engines": {
        "node": "4.x || >=6.0.0"
      },
      "peerDependencies": {
        "encoding": "^0.1.0"
      },
      "peerDependenciesMeta": {
        "encoding": {
          "optional": true
        }
      }
    },
    "node_modules/proxyquire": {
      "version": "1.8.0",
      "resolved": "https://registry.npmjs.org/proxyquire/-/proxyquire-1.8.0.tgz",
      "integrity": "sha512-mZZq4F50qaBkngvlf9paNfaSb5gtJ0mFPnBjda4NxCpXpMAaVfSLguRr9y2KXF6koOSBf4AanD2inuEQw3aCcA==",
      "dev": true,
      "dependencies": {
        "fill-keys": "^1.0.2",
        "module-not-found-error": "^1.0.0",
        "resolve": "~1.1.7"
      }
    },
    "node_modules/resolve": {
      "version": "1.1.7",
      "resolved": "https://registry.npmjs.org/resolve/-/resolve-1.1.7.tgz",
      "integrity": "sha512-9znBF0vBcaSN3W2j7wKvdERPwqTxSpCq+if5C0WoTCyV9n24rua28jeuQ2pL/HOf+yUe/Mef+H/5p60K0Id3bg==",
      "dev": true
    },
    "node_modules/split-lines": {
      "version": "1.1.0",
      "resolved": "https://registry.npmjs.org/split-lines/-/split-lines-1.1.0.tgz",
      "integrity": "sha512-ZAEc8yWc1Rlpm6R8Vf09XQS8MGiCXqvtETibXerH5wLSHJQA17dXijTpUkvqF9Cw0rVC0aDFfaa50U4tkhjkTA==",
      "dev": true,
      "engines": {
        "node": ">=0.10.0"
      }
    },
    "node_modules/tr46": {
      "version": "0.0.3",
      "resolved": "https://registry.npmjs.org/tr46/-/tr46-0.0.3.tgz",
      "integrity": "sha512-N3WMsuqV66lT30CrXNbEjx4GEwlow3v6rr4mCcv6prnfwhS01rkgyFdjPNBYd9br7LpXV1+Emh01fHnq2Gdgrw==",
      "dev": true
    },
    "node_modules/webidl-conversions": {
      "version": "3.0.1",
      "resolved": "https://registry.npmjs.org/webidl-conversions/-/webidl-conversions-3.0.1.tgz",
      "integrity": "sha512-2JAn3z8AR6rjK8Sm8orRC0h/bcl/DqL7tRPdGZ4I1CjdF+EaMLmYxBHyXuKL849eucPFhvBoxMsflfOb8kxaeQ==",
      "dev": true
    },
    "node_modules/whatwg-url": {
      "version": "5.0.0",
      "resolved": "https://registry.npmjs.org/whatwg-url/-/whatwg-url-5.0.0.tgz",
      "integrity": "sha512-saE57nupxk6v3HY35+jzBwYa0rKSy0XR8JSxZPwgLr7ys0IBzhGviA1/TUGJLmSVqs8pb9AnvICXEuOHLprYTw==",
      "dev": true,
      "dependencies": {
        "tr46": "~0.0.3",
        "webidl-conversions": "^3.0.0"
      }
    }
  }
}
